
Microsoft Visual Studio Solution File, Format Version 10.00
# Visual Studio 2008
Project("{F14B399A-7131-4C87-9E4B-1186C45EF12D}") = "Lead Analysis", "Lead Analysis\Lead Analysis.rptproj", "{A42A08B7-F633-4200-92DD-35FC13AC7796}"
EndProject
Global
	GlobalSection(SolutionConfigurationPlatforms) = preSolution
		Debug|Default = Debug|Default
		DebugLocal|Default = DebugLocal|Default
		Release|Default = Release|Default
	EndGlobalSection
	GlobalSection(ProjectConfigurationPlatforms) = postSolution
		{A42A08B7-F633-4200-92DD-35FC13AC7796}.Debug|Default.ActiveCfg = Debug
		{A42A08B7-F633-4200-92DD-35FC13AC7796}.Debug|Default.Build.0 = DebugLocal
		{A42A08B7-F633-4200-92DD-35FC13AC7796}.Debug|Default.Deploy.0 = DebugLocal
		{A42A08B7-F633-4200-92DD-35FC13AC7796}.DebugLocal|Default.ActiveCfg = DebugLocal
		{A42A08B7-F633-4200-92DD-35FC13AC7796}.DebugLocal|Default.Build.0 = DebugLocal
		{A42A08B7-F633-4200-92DD-35FC13AC7796}.Release|Default.ActiveCfg = Release
		{A42A08B7-F633-4200-92DD-35FC13AC7796}.Release|Default.Build.0 = Release
		{A42A08B7-F633-4200-92DD-35FC13AC7796}.Release|Default.Deploy.0 = Release
	EndGlobalSection
	GlobalSection(SolutionProperties) = preSolution
		HideSolutionNode = FALSE
	EndGlobalSection
EndGlobal
